lockfileVersion: '6.0'

settings:
  autoInstallPeers: true
  excludeLinksFromLockfile: false

dependencies:
  '@dqbd/tiktoken':
    specifier: ^1.0.13
    version: 1.0.13

packages:

  /@dqbd/tiktoken@1.0.13:
    resolution: {integrity: sha512-941kjlHjfI97l6NuH/AwuXV4mHuVnRooDcHNSlzi98hz+4ug3wT4gJcWjSwSZHqeGAEn90lC9sFD+8a9d5Jvxg==}
    dev: false
